
Microsoft Visual Studio Solution File, Format Version 12.00
# Visual Studio Version 17
VisualStudioVersion = 17.14.36915.13
MinimumVisualStudioVersion = 10.0.40219.1
Project("{FAE04EC0-301F-11D3-BF4B-00C04F79EFBC}") = "WpfApp1", "WpfApp1\WpfApp1.csproj", "{37015C1F-DB01-4F9E-862B-AECD8154454D}"
EndProject
Project("{FAE04EC0-301F-11D3-BF4B-00C04F79EFBC}") = "Grid", "Grid\Grid.csproj", "{7929BB8C-4E57-4508-9E07-A5CF1547AAC7}"
EndProject
Project("{FAE04EC0-301F-11D3-BF4B-00C04F79EFBC}") = "Binding", "Binding\Binding.csproj", "{6429D897-DD90-40B6-ACF2-164969AC68E4}"
EndProject
Project("{FAE04EC0-301F-11D3-BF4B-00C04F79EFBC}") = "ListBox", "ListBox\ListBox.csproj", "{57B923A5-02B1-4679-99FE-37A11BA30744}"
EndProject
Global
	GlobalSection(SolutionConfigurationPlatforms) = preSolution
		Debug|Any CPU = Debug|Any CPU
		Release|Any CPU = Release|Any CPU
	EndGlobalSection
	GlobalSection(ProjectConfigurationPlatforms) = postSolution
		{37015C1F-DB01-4F9E-862B-AECD8154454D}.Debug|Any CPU.ActiveCfg = Debug|Any CPU
		{37015C1F-DB01-4F9E-862B-AECD8154454D}.Debug|Any CPU.Build.0 = Debug|Any CPU
		{37015C1F-DB01-4F9E-862B-AECD8154454D}.Release|Any CPU.ActiveCfg = Release|Any CPU
		{37015C1F-DB01-4F9E-862B-AECD8154454D}.Release|Any CPU.Build.0 = Release|Any CPU
		{7929BB8C-4E57-4508-9E07-A5CF1547AAC7}.Debug|Any CPU.ActiveCfg = Debug|Any CPU
		{7929BB8C-4E57-4508-9E07-A5CF1547AAC7}.Debug|Any CPU.Build.0 = Debug|Any CPU
		{7929BB8C-4E57-4508-9E07-A5CF1547AAC7}.Release|Any CPU.ActiveCfg = Release|Any CPU
		{7929BB8C-4E57-4508-9E07-A5CF1547AAC7}.Release|Any CPU.Build.0 = Release|Any CPU
		{6429D897-DD90-40B6-ACF2-164969AC68E4}.Debug|Any CPU.ActiveCfg = Debug|Any CPU
		{6429D897-DD90-40B6-ACF2-164969AC68E4}.Debug|Any CPU.Build.0 = Debug|Any CPU
		{6429D897-DD90-40B6-ACF2-164969AC68E4}.Release|Any CPU.ActiveCfg = Release|Any CPU
		{6429D897-DD90-40B6-ACF2-164969AC68E4}.Release|Any CPU.Build.0 = Release|Any CPU
		{57B923A5-02B1-4679-99FE-37A11BA30744}.Debug|Any CPU.ActiveCfg = Debug|Any CPU
		{57B923A5-02B1-4679-99FE-37A11BA30744}.Debug|Any CPU.Build.0 = Debug|Any CPU
		{57B923A5-02B1-4679-99FE-37A11BA30744}.Release|Any CPU.ActiveCfg = Release|Any CPU
		{57B923A5-02B1-4679-99FE-37A11BA30744}.Release|Any CPU.Build.0 = Release|Any CPU
	EndGlobalSection
	GlobalSection(SolutionProperties) = preSolution
		HideSolutionNode = FALSE
	EndGlobalSection
	GlobalSection(ExtensibilityGlobals) = postSolution
		SolutionGuid = {6D46773A-9B49-495C-BC6E-889EFB6584D0}
	EndGlobalSection
EndGlobal
